
Microsoft Visual Studio Solution File, Format Version 10.00
# Visual Studio 2008
Project("{FAE04EC0-301F-11D3-BF4B-00C04F79EFBC}") = "PianoForte", "PianoForte\PianoForte.csproj", "{243000DD-FF1B-4721-9E0D-B5CA80F87C31}"
EndProject
Project("{54435603-DBB4-11D2-8724-00A0C9A8B90C}") = "PianoForte Management Setup", "PianoForte Management Setup\PianoForte Management Setup.vdproj", "{DFECCFEE-DBC6-44F9-877B-DFA2A94CD3E7}"
EndProject
Global
	GlobalSection(SolutionConfigurationPlatforms) = preSolution
		Debug|Any CPU = Debug|Any CPU
		Release|Any CPU = Release|Any CPU
	EndGlobalSection
	GlobalSection(ProjectConfigurationPlatforms) = postSolution
		{243000DD-FF1B-4721-9E0D-B5CA80F87C31}.Debug|Any CPU.ActiveCfg = Debug|Any CPU
		{243000DD-FF1B-4721-9E0D-B5CA80F87C31}.Debug|Any CPU.Build.0 = Debug|Any CPU
		{243000DD-FF1B-4721-9E0D-B5CA80F87C31}.Release|Any CPU.ActiveCfg = Release|Any CPU
		{243000DD-FF1B-4721-9E0D-B5CA80F87C31}.Release|Any CPU.Build.0 = Release|Any CPU
		{DFECCFEE-DBC6-44F9-877B-DFA2A94CD3E7}.Debug|Any CPU.ActiveCfg = Debug
		{DFECCFEE-DBC6-44F9-877B-DFA2A94CD3E7}.Release|Any CPU.ActiveCfg = Release
	EndGlobalSection
	GlobalSection(SolutionProperties) = preSolution
		HideSolutionNode = FALSE
	EndGlobalSection
EndGlobal
